// !$*UTF8*$!
{
	archiveVersion = 1;
	classes = {
	};
	objectVersion = 77;
	objects = {

/* Begin PBXBuildFile section */
		1113BDF42CD4B6D7009C928E /* RateData.swift in Sources */ = {isa = PBXBuildFile; fileRef = 1113BDD22CD4B6D7009C928E /* RateData.swift */; };
		1113BDF52CD4B6D7009C928E /* TransactionData.swift in Sources */ = {isa = PBXBuildFile; fileRef = 1113BDD32CD4B6D7009C928E /* TransactionData.swift */; };
		1113BDF62CD4B6D7009C928E /* ProductViewModel.swift in Sources */ = {isa = PBXBuildFile; fileRef = 1113BDD52CD4B6D7009C928E /* ProductViewModel.swift */; };
		1113BDF72CD4B6D7009C928E /* ProductsPresenter.swift in Sources */ = {isa = PBXBuildFile; fileRef = 1113BDD72CD4B6D7009C928E /* ProductsPresenter.swift */; };
		1113BDF82CD4B6D7009C928E /* ProductsTableViewCell.swift in Sources */ = {isa = PBXBuildFile; fileRef = 1113BDD92CD4B6D7009C928E /* ProductsTableViewCell.swift */; };
		1113BDF92CD4B6D7009C928E /* ProductsTableViewController.swift in Sources */ = {isa = PBXBuildFile; fileRef = 1113BDDA2CD4B6D7009C928E /* ProductsTableViewController.swift */; };
		1113BDFA2CD4B6D7009C928E /* ProductsView.swift in Sources */ = {isa = PBXBuildFile; fileRef = 1113BDDB2CD4B6D7009C928E /* ProductsView.swift */; };
		1113BDFB2CD4B6D7009C928E /* DataLoaderProtocol.swift in Sources */ = {isa = PBXBuildFile; fileRef = 1113BDDE2CD4B6D7009C928E /* DataLoaderProtocol.swift */; };
		1113BDFC2CD4B6D7009C928E /* TransactionDataManager.swift in Sources */ = {isa = PBXBuildFile; fileRef = 1113BDDF2CD4B6D7009C928E /* TransactionDataManager.swift */; };
		1113BDFD2CD4B6D7009C928E /* TransactionInfo.swift in Sources */ = {isa = PBXBuildFile; fileRef = 1113BDE62CD4B6D7009C928E /* TransactionInfo.swift */; };
		1113BDFE2CD4B6D7009C928E /* TransactionsInfoPresenter.swift in Sources */ = {isa = PBXBuildFile; fileRef = 1113BDE82CD4B6D7009C928E /* TransactionsInfoPresenter.swift */; };
		1113BDFF2CD4B6D7009C928E /* TransactionsInfoTableViewCell.swift in Sources */ = {isa = PBXBuildFile; fileRef = 1113BDEA2CD4B6D7009C928E /* TransactionsInfoTableViewCell.swift */; };
		1113BE002CD4B6D7009C928E /* TransactionsInfoView.swift in Sources */ = {isa = PBXBuildFile; fileRef = 1113BDEB2CD4B6D7009C928E /* TransactionsInfoView.swift */; };
		1113BE012CD4B6D7009C928E /* TransactionsInfoViewController.swift in Sources */ = {isa = PBXBuildFile; fileRef = 1113BDEC2CD4B6D7009C928E /* TransactionsInfoViewController.swift */; };
		1113BE022CD4B6D7009C928E /* AppDelegate.swift in Sources */ = {isa = PBXBuildFile; fileRef = 1113BDEF2CD4B6D7009C928E /* AppDelegate.swift */; };
		1113BE032CD4B6D7009C928E /* AlertBuilder.swift in Sources */ = {isa = PBXBuildFile; fileRef = 1113BDF02CD4B6D7009C928E /* AlertBuilder.swift */; };
		1113BE052CD4B6D7009C928E /* rates.plist in Resources */ = {isa = PBXBuildFile; fileRef = 1113BDCF2CD4B6D7009C928E /* rates.plist */; };
		1113BE062CD4B6D7009C928E /* transactions.plist in Resources */ = {isa = PBXBuildFile; fileRef = 1113BDD02CD4B6D7009C928E /* transactions.plist */; };
		1113BE072CD4B6D7009C928E /* Assets.xcassets in Resources */ = {isa = PBXBuildFile; fileRef = 1113BDE22CD4B6D7009C928E /* Assets.xcassets */; };
		1113BE082CD4B6D7009C928E /* LaunchScreen.storyboard in Resources */ = {isa = PBXBuildFile; fileRef = 1113BDE42CD4B6D7009C928E /* LaunchScreen.storyboard */; };
		1113BE0B2CD4B800009C928E /* Rate.swift in Sources */ = {isa = PBXBuildFile; fileRef = 1113BE0A2CD4B800009C928E /* Rate.swift */; };
		1113BE0D2CD4B81A009C928E /* Transaction.swift in Sources */ = {isa = PBXBuildFile; fileRef = 1113BE0C2CD4B81A009C928E /* Transaction.swift */; };
		1113BE102CD4CC99009C928E /* ProductsModel.swift in Sources */ = {isa = PBXBuildFile; fileRef = 1113BE0F2CD4CC99009C928E /* ProductsModel.swift */; };
		1113BE122CD4CCBC009C928E /* TransactionsInfoModel.swift in Sources */ = {isa = PBXBuildFile; fileRef = 1113BE112CD4CCBC009C928E /* TransactionsInfoModel.swift */; };
		1113BE142CD4D5A0009C928E /* Converter.swift in Sources */ = {isa = PBXBuildFile; fileRef = 1113BE132CD4D5A0009C928E /* Converter.swift */; };
		1113BE172CD4DEC2009C928E /* TransactionsInfoViewModel.swift in Sources */ = {isa = PBXBuildFile; fileRef = 1113BE162CD4DEC2009C928E /* TransactionsInfoViewModel.swift */; };
		1113BE1A2CD51219009C928E /* ProductsBuilder.swift in Sources */ = {isa = PBXBuildFile; fileRef = 1113BE192CD51219009C928E /* ProductsBuilder.swift */; };
		1113BE1C2CD5126A009C928E /* TransactionInfoBuilder.swift in Sources */ = {isa = PBXBuildFile; fileRef = 1113BE1B2CD5126A009C928E /* TransactionInfoBuilder.swift */; };
		11894ED42CD6141F004E5110 /* RouterProducts.swift in Sources */ = {isa = PBXBuildFile; fileRef = 11894ED32CD6141F004E5110 /* RouterProducts.swift */; };
		11894ED62CD61443004E5110 /* RouterTransactionInfo.swift in Sources */ = {isa = PBXBuildFile; fileRef = 11894ED52CD61443004E5110 /* RouterTransactionInfo.swift */; };
		11AE6BE12CD7B0B3003C8BD9 /* DataServiceError.swift in Sources */ = {isa = PBXBuildFile; fileRef = 11AE6BE02CD7B0B3003C8BD9 /* DataServiceError.swift */; };
		11B916DF2CDE3E3000B9D456 /* ConversionRequest.swift in Sources */ = {isa = PBXBuildFile; fileRef = 11B916DE2CDE3E3000B9D456 /* ConversionRequest.swift */; };
		11B916E22CDE617300B9D456 /* DataManagerWithRate.swift in Sources */ = {isa = PBXBuildFile; fileRef = 11B916E12CDE617300B9D456 /* DataManagerWithRate.swift */; };
		11B916E42CDE641400B9D456 /* Product.swift in Sources */ = {isa = PBXBuildFile; fileRef = 11B916E32CDE641400B9D456 /* Product.swift */; };
/* End PBXBuildFile section */

/* Begin PBXContainerItemProxy section */
		11A3B91E2CCBCC050076C525 /* PBXContainerItemProxy */ = {
			isa = PBXContainerItemProxy;
			containerPortal = 11A3B8FF2CCBCC030076C525 /* Project object */;
			proxyType = 1;
			remoteGlobalIDString = 11A3B9062CCBCC030076C525;
			remoteInfo = TradeTracker;
		};
		11A3B9282CCBCC050076C525 /* PBXContainerItemProxy */ = {
			isa = PBXContainerItemProxy;
			containerPortal = 11A3B8FF2CCBCC030076C525 /* Project object */;
			proxyType = 1;
			remoteGlobalIDString = 11A3B9062CCBCC030076C525;
			remoteInfo = TradeTracker;
		};
/* End PBXContainerItemProxy section */

/* Begin PBXFileReference section */
		1113BDCF2CD4B6D7009C928E /* rates.plist */ = {isa = PBXFileReference; lastKnownFileType = text.plist.xml; path = rates.plist; sourceTree = "<group>"; };
		1113BDD02CD4B6D7009C928E /* transactions.plist */ = {isa = PBXFileReference; lastKnownFileType = text.plist.xml; path = transactions.plist; sourceTree = "<group>"; };
		1113BDD22CD4B6D7009C928E /* RateData.swift */ = {isa = PBXFileReference; lastKnownFileType = sourcecode.swift; path = RateData.swift; sourceTree = "<group>"; };
		1113BDD32CD4B6D7009C928E /* TransactionData.swift */ = {isa = PBXFileReference; lastKnownFileType = sourcecode.swift; path = TransactionData.swift; sourceTree = "<group>"; };
		1113BDD52CD4B6D7009C928E /* ProductViewModel.swift */ = {isa = PBXFileReference; lastKnownFileType = sourcecode.swift; path = ProductViewModel.swift; sourceTree = "<group>"; };
		1113BDD72CD4B6D7009C928E /* ProductsPresenter.swift */ = {isa = PBXFileReference; lastKnownFileType = sourcecode.swift; path = ProductsPresenter.swift; sourceTree = "<group>"; };
		1113BDD92CD4B6D7009C928E /* ProductsTableViewCell.swift */ = {isa = PBXFileReference; lastKnownFileType = sourcecode.swift; path = ProductsTableViewCell.swift; sourceTree = "<group>"; };
		1113BDDA2CD4B6D7009C928E /* ProductsTableViewController.swift */ = {isa = PBXFileReference; lastKnownFileType = sourcecode.swift; path = ProductsTableViewController.swift; sourceTree = "<group>"; };
		1113BDDB2CD4B6D7009C928E /* ProductsView.swift */ = {isa = PBXFileReference; lastKnownFileType = sourcecode.swift; path = ProductsView.swift; sourceTree = "<group>"; };
		1113BDDE2CD4B6D7009C928E /* DataLoaderProtocol.swift */ = {isa = PBXFileReference; lastKnownFileType = sourcecode.swift; path = DataLoaderProtocol.swift; sourceTree = "<group>"; };
		1113BDDF2CD4B6D7009C928E /* TransactionDataManager.swift */ = {isa = PBXFileReference; lastKnownFileType = sourcecode.swift; path = TransactionDataManager.swift; sourceTree = "<group>"; };
		1113BDE22CD4B6D7009C928E /* Assets.xcassets */ = {isa = PBXFileReference; lastKnownFileType = folder.assetcatalog; path = Assets.xcassets; sourceTree = "<group>"; };
		1113BDE32CD4B6D7009C928E /* Base */ = {isa = PBXFileReference; lastKnownFileType = file.storyboard; name = Base; path = Base.lproj/LaunchScreen.storyboard; sourceTree = "<group>"; };
		1113BDE62CD4B6D7009C928E /* TransactionInfo.swift */ = {isa = PBXFileReference; lastKnownFileType = sourcecode.swift; path = TransactionInfo.swift; sourceTree = "<group>"; };
		1113BDE82CD4B6D7009C928E /* TransactionsInfoPresenter.swift */ = {isa = PBXFileReference; lastKnownFileType = sourcecode.swift; path = TransactionsInfoPresenter.swift; sourceTree = "<group>"; };
		1113BDEA2CD4B6D7009C928E /* TransactionsInfoTableViewCell.swift */ = {isa = PBXFileReference; lastKnownFileType = sourcecode.swift; path = TransactionsInfoTableViewCell.swift; sourceTree = "<group>"; };
		1113BDEB2CD4B6D7009C928E /* TransactionsInfoView.swift */ = {isa = PBXFileReference; lastKnownFileType = sourcecode.swift; path = TransactionsInfoView.swift; sourceTree = "<group>"; };
		1113BDEC2CD4B6D7009C928E /* TransactionsInfoViewController.swift */ = {isa = PBXFileReference; lastKnownFileType = sourcecode.swift; path = TransactionsInfoViewController.swift; sourceTree = "<group>"; };
		1113BDEF2CD4B6D7009C928E /* AppDelegate.swift */ = {isa = PBXFileReference; lastKnownFileType = sourcecode.swift; path = AppDelegate.swift; sourceTree = "<group>"; };
		1113BDF02CD4B6D7009C928E /* AlertBuilder.swift */ = {isa = PBXFileReference; lastKnownFileType = sourcecode.swift; path = AlertBuilder.swift; sourceTree = "<group>"; };
		1113BDF12CD4B6D7009C928E /* Info.plist */ = {isa = PBXFileReference; lastKnownFileType = text.plist.xml; path = Info.plist; sourceTree = "<group>"; };
		1113BE0A2CD4B800009C928E /* Rate.swift */ = {isa = PBXFileReference; lastKnownFileType = sourcecode.swift; path = Rate.swift; sourceTree = "<group>"; };
		1113BE0C2CD4B81A009C928E /* Transaction.swift */ = {isa = PBXFileReference; lastKnownFileType = sourcecode.swift; path = Transaction.swift; sourceTree = "<group>"; };
		1113BE0F2CD4CC99009C928E /* ProductsModel.swift */ = {isa = PBXFileReference; lastKnownFileType = sourcecode.swift; path = ProductsModel.swift; sourceTree = "<group>"; };
		1113BE112CD4CCBC009C928E /* TransactionsInfoModel.swift */ = {isa = PBXFileReference; lastKnownFileType = sourcecode.swift; path = TransactionsInfoModel.swift; sourceTree = "<group>"; };
		1113BE132CD4D5A0009C928E /* Converter.swift */ = {isa = PBXFileReference; lastKnownFileType = sourcecode.swift; path = Converter.swift; sourceTree = "<group>"; };
		1113BE162CD4DEC2009C928E /* TransactionsInfoViewModel.swift */ = {isa = PBXFileReference; lastKnownFileType = sourcecode.swift; path = TransactionsInfoViewModel.swift; sourceTree = "<group>"; };
		1113BE192CD51219009C928E /* ProductsBuilder.swift */ = {isa = PBXFileReference; lastKnownFileType = sourcecode.swift; path = ProductsBuilder.swift; sourceTree = "<group>"; };
		1113BE1B2CD5126A009C928E /* TransactionInfoBuilder.swift */ = {isa = PBXFileReference; lastKnownFileType = sourcecode.swift; path = TransactionInfoBuilder.swift; sourceTree = "<group>"; };
		11894ED32CD6141F004E5110 /* RouterProducts.swift */ = {isa = PBXFileReference; lastKnownFileType = sourcecode.swift; path = RouterProducts.swift; sourceTree = "<group>"; };
		11894ED52CD61443004E5110 /* RouterTransactionInfo.swift */ = {isa = PBXFileReference; lastKnownFileType = sourcecode.swift; path = RouterTransactionInfo.swift; sourceTree = "<group>"; };
		11A3B9072CCBCC030076C525 /* TradeTracker.app */ = {isa = PBXFileReference; explicitFileType = wrapper.application; includeInIndex = 0; path = TradeTracker.app; sourceTree = BUILT_PRODUCTS_DIR; };
		11A3B91D2CCBCC050076C525 /* TradeTrackerTests.xctest */ = {isa = PBXFileReference; explicitFileType = wrapper.cfbundle; includeInIndex = 0; path = TradeTrackerTests.xctest; sourceTree = BUILT_PRODUCTS_DIR; };
		11A3B9272CCBCC050076C525 /* TradeTrackerUITests.xctest */ = {isa = PBXFileReference; explicitFileType = wrapper.cfbundle; includeInIndex = 0; path = TradeTrackerUITests.xctest; sourceTree = BUILT_PRODUCTS_DIR; };
		11AE6BE02CD7B0B3003C8BD9 /* DataServiceError.swift */ = {isa = PBXFileReference; lastKnownFileType = sourcecode.swift; path = DataServiceError.swift; sourceTree = "<group>"; };
		11B916DE2CDE3E3000B9D456 /* ConversionRequest.swift */ = {isa = PBXFileReference; lastKnownFileType = sourcecode.swift; path = ConversionRequest.swift; sourceTree = "<group>"; };
		11B916E12CDE617300B9D456 /* DataManagerWithRate.swift */ = {isa = PBXFileReference; lastKnownFileType = sourcecode.swift; path = DataManagerWithRate.swift; sourceTree = "<group>"; };
		11B916E32CDE641400B9D456 /* Product.swift */ = {isa = PBXFileReference; lastKnownFileType = sourcecode.swift; path = Product.swift; sourceTree = "<group>"; };
/* End PBXFileReference section */

/* Begin PBXFileSystemSynchronizedRootGroup section */
		11A3B9202CCBCC050076C525 /* TradeTrackerTests */ = {
			isa = PBXFileSystemSynchronizedRootGroup;
			path = TradeTrackerTests;
			sourceTree = "<group>";
		};
		11A3B92A2CCBCC050076C525 /* TradeTrackerUITests */ = {
			isa = PBXFileSystemSynchronizedRootGroup;
			path = TradeTrackerUITests;
			sourceTree = "<group>";
		};
/* End PBXFileSystemSynchronizedRootGroup section */

/* Begin PBXFrameworksBuildPhase section */
		11A3B9042CCBCC030076C525 /* Frameworks */ = {
			isa = PBXFrameworksBuildPhase;
			buildActionMask = 2147483647;
			files = (
			);
			runOnlyForDeploymentPostprocessing = 0;
		};
		11A3B91A2CCBCC050076C525 /* Frameworks */ = {
			isa = PBXFrameworksBuildPhase;
			buildActionMask = 2147483647;
			files = (
			);
			runOnlyForDeploymentPostprocessing = 0;
		};
		11A3B9242CCBCC050076C525 /* Frameworks */ = {
			isa = PBXFrameworksBuildPhase;
			buildActionMask = 2147483647;
			files = (
			);
			runOnlyForDeploymentPostprocessing = 0;
		};
/* End PBXFrameworksBuildPhase section */

/* Begin PBXGroup section */
		1113BDD12CD4B6D7009C928E /* DataPlistFiles */ = {
			isa = PBXGroup;
			children = (
				1113BDCF2CD4B6D7009C928E /* rates.plist */,
				1113BDD02CD4B6D7009C928E /* transactions.plist */,
			);
			path = DataPlistFiles;
			sourceTree = "<group>";
		};
		1113BDD42CD4B6D7009C928E /* ResponseData */ = {
			isa = PBXGroup;
			children = (
				1113BDD22CD4B6D7009C928E /* RateData.swift */,
				1113BDD32CD4B6D7009C928E /* TransactionData.swift */,
			);
			path = ResponseData;
			sourceTree = "<group>";
		};
		1113BDD82CD4B6D7009C928E /* Presenter */ = {
			isa = PBXGroup;
			children = (
				1113BDD72CD4B6D7009C928E /* ProductsPresenter.swift */,
				1113BDD52CD4B6D7009C928E /* ProductViewModel.swift */,
			);
			path = Presenter;
			sourceTree = "<group>";
		};
		1113BDDC2CD4B6D7009C928E /* View */ = {
			isa = PBXGroup;
			children = (
				1113BDDA2CD4B6D7009C928E /* ProductsTableViewController.swift */,
				1113BDD92CD4B6D7009C928E /* ProductsTableViewCell.swift */,
				1113BDDB2CD4B6D7009C928E /* ProductsView.swift */,
			);
			path = View;
			sourceTree = "<group>";
		};
		1113BDDD2CD4B6D7009C928E /* ProductsScene */ = {
			isa = PBXGroup;
			children = (
				1113BE182CD5120A009C928E /* Model */,
				1113BDD82CD4B6D7009C928E /* Presenter */,
				1113BDDC2CD4B6D7009C928E /* View */,
				1113BE192CD51219009C928E /* ProductsBuilder.swift */,
				11894ED32CD6141F004E5110 /* RouterProducts.swift */,
			);
			path = ProductsScene;
			sourceTree = "<group>";
		};
		1113BDE02CD4B6D7009C928E /* DataService */ = {
			isa = PBXGroup;
			children = (
				1113BDDE2CD4B6D7009C928E /* DataLoaderProtocol.swift */,
				1113BDDF2CD4B6D7009C928E /* TransactionDataManager.swift */,
				11B916E12CDE617300B9D456 /* DataManagerWithRate.swift */,
				11AE6BE02CD7B0B3003C8BD9 /* DataServiceError.swift */,
			);
			path = DataService;
			sourceTree = "<group>";
		};
		1113BDE12CD4B6D7009C928E /* Services */ = {
			isa = PBXGroup;
			children = (
				1113BE132CD4D5A0009C928E /* Converter.swift */,
				1113BDE02CD4B6D7009C928E /* DataService */,
			);
			path = Services;
			sourceTree = "<group>";
		};
		1113BDE52CD4B6D7009C928E /* SupportingFiles */ = {
			isa = PBXGroup;
			children = (
				1113BDE22CD4B6D7009C928E /* Assets.xcassets */,
				1113BDE42CD4B6D7009C928E /* LaunchScreen.storyboard */,
			);
			path = SupportingFiles;
			sourceTree = "<group>";
		};
		1113BDE92CD4B6D7009C928E /* Presenter */ = {
			isa = PBXGroup;
			children = (
				1113BDE82CD4B6D7009C928E /* TransactionsInfoPresenter.swift */,
				1113BE162CD4DEC2009C928E /* TransactionsInfoViewModel.swift */,
			);
			path = Presenter;
			sourceTree = "<group>";
		};
		1113BDED2CD4B6D7009C928E /* View */ = {
			isa = PBXGroup;
			children = (
				1113BDEC2CD4B6D7009C928E /* TransactionsInfoViewController.swift */,
				1113BDEA2CD4B6D7009C928E /* TransactionsInfoTableViewCell.swift */,
				1113BDEB2CD4B6D7009C928E /* TransactionsInfoView.swift */,
			);
			path = View;
			sourceTree = "<group>";
		};
		1113BDEE2CD4B6D7009C928E /* TransactionsInfoScene */ = {
			isa = PBXGroup;
			children = (
				1113BE152CD4DCCE009C928E /* Model */,
				1113BDE92CD4B6D7009C928E /* Presenter */,
				1113BDED2CD4B6D7009C928E /* View */,
				1113BE1B2CD5126A009C928E /* TransactionInfoBuilder.swift */,
				11894ED52CD61443004E5110 /* RouterTransactionInfo.swift */,
			);
			path = TransactionsInfoScene;
			sourceTree = "<group>";
		};
		1113BDF32CD4B6D7009C928E /* TradeTracker */ = {
			isa = PBXGroup;
			children = (
				1113BE1D2CD512CA009C928E /* Alert */,
				1113BDDD2CD4B6D7009C928E /* ProductsScene */,
				1113BDEE2CD4B6D7009C928E /* TransactionsInfoScene */,
				1113BDD42CD4B6D7009C928E /* ResponseData */,
				1113BE0E2CD4B830009C928E /* Data */,
				1113BDD12CD4B6D7009C928E /* DataPlistFiles */,
				1113BDE12CD4B6D7009C928E /* Services */,
				1113BDE52CD4B6D7009C928E /* SupportingFiles */,
				1113BDEF2CD4B6D7009C928E /* AppDelegate.swift */,
				1113BDF12CD4B6D7009C928E /* Info.plist */,
			);
			path = TradeTracker;
			sourceTree = "<group>";
		};
		1113BE0E2CD4B830009C928E /* Data */ = {
			isa = PBXGroup;
			children = (
				1113BE0A2CD4B800009C928E /* Rate.swift */,
				1113BE0C2CD4B81A009C928E /* Transaction.swift */,
			);
			path = Data;
			sourceTree = "<group>";
		};
		1113BE152CD4DCCE009C928E /* Model */ = {
			isa = PBXGroup;
			children = (
				1113BE112CD4CCBC009C928E /* TransactionsInfoModel.swift */,
				1113BDE62CD4B6D7009C928E /* TransactionInfo.swift */,
				11B916DE2CDE3E3000B9D456 /* ConversionRequest.swift */,
			);
			path = Model;
			sourceTree = "<group>";
		};
		1113BE182CD5120A009C928E /* Model */ = {
			isa = PBXGroup;
			children = (
				1113BE0F2CD4CC99009C928E /* ProductsModel.swift */,
				11B916E32CDE641400B9D456 /* Product.swift */,
			);
			path = Model;
			sourceTree = "<group>";
		};
		1113BE1D2CD512CA009C928E /* Alert */ = {
			isa = PBXGroup;
			children = (
				1113BDF02CD4B6D7009C928E /* AlertBuilder.swift */,
			);
			path = Alert;
			sourceTree = "<group>";
		};
		11A3B8FE2CCBCC030076C525 = {
			isa = PBXGroup;
			children = (
				1113BDF32CD4B6D7009C928E /* TradeTracker */,
				11A3B9202CCBCC050076C525 /* TradeTrackerTests */,
				11A3B92A2CCBCC050076C525 /* TradeTrackerUITests */,
				11A3B9082CCBCC030076C525 /* Products */,
			);
			sourceTree = "<group>";
		};
		11A3B9082CCBCC030076C525 /* Products */ = {
			isa = PBXGroup;
			children = (
				11A3B9072CCBCC030076C525 /* TradeTracker.app */,
				11A3B91D2CCBCC050076C525 /* TradeTrackerTests.xctest */,
				11A3B9272CCBCC050076C525 /* TradeTrackerUITests.xctest */,
			);
			name = Products;
			sourceTree = "<group>";
		};
/* End PBXGroup section */

/* Begin PBXNativeTarget section */
		11A3B9062CCBCC030076C525 /* TradeTracker */ = {
			isa = PBXNativeTarget;
			buildConfigurationList = 11A3B9302CCBCC050076C525 /* Build configuration list for PBXNativeTarget "TradeTracker" */;
			buildPhases = (
				11A3B9032CCBCC030076C525 /* Sources */,
				11A3B9042CCBCC030076C525 /* Frameworks */,
				11A3B9052CCBCC030076C525 /* Resources */,
			);
			buildRules = (
			);
			dependencies = (
			);
			name = TradeTracker;
			packageProductDependencies = (
			);
			productName = TradeTracker;
			productReference = 11A3B9072CCBCC030076C525 /* TradeTracker.app */;
			productType = "com.apple.product-type.application";
		};
		11A3B91C2CCBCC050076C525 /* TradeTrackerTests */ = {
			isa = PBXNativeTarget;
			buildConfigurationList = 11A3B9352CCBCC050076C525 /* Build configuration list for PBXNativeTarget "TradeTrackerTests" */;
			buildPhases = (
				11A3B9192CCBCC050076C525 /* Sources */,
				11A3B91A2CCBCC050076C525 /* Frameworks */,
				11A3B91B2CCBCC050076C525 /* Resources */,
			);
			buildRules = (
			);
			dependencies = (
				11A3B91F2CCBCC050076C525 /* PBXTargetDependency */,
			);
			fileSystemSynchronizedGroups = (
				11A3B9202CCBCC050076C525 /* TradeTrackerTests */,
			);
			name = TradeTrackerTests;
			packageProductDependencies = (
			);
			productName = TradeTrackerTests;
			productReference = 11A3B91D2CCBCC050076C525 /* TradeTrackerTests.xctest */;
			productType = "com.apple.product-type.bundle.unit-test";
		};
		11A3B9262CCBCC050076C525 /* TradeTrackerUITests */ = {
			isa = PBXNativeTarget;
			buildConfigurationList = 11A3B9382CCBCC050076C525 /* Build configuration list for PBXNativeTarget "TradeTrackerUITests" */;
			buildPhases = (
				11A3B9232CCBCC050076C525 /* Sources */,
				11A3B9242CCBCC050076C525 /* Frameworks */,
				11A3B9252CCBCC050076C525 /* Resources */,
			);
			buildRules = (
			);
			dependencies = (
				11A3B9292CCBCC050076C525 /* PBXTargetDependency */,
			);
			fileSystemSynchronizedGroups = (
				11A3B92A2CCBCC050076C525 /* TradeTrackerUITests */,
			);
			name = TradeTrackerUITests;
			packageProductDependencies = (
			);
			productName = TradeTrackerUITests;
			productReference = 11A3B9272CCBCC050076C525 /* TradeTrackerUITests.xctest */;
			productType = "com.apple.product-type.bundle.ui-testing";
		};
/* End PBXNativeTarget section */

/* Begin PBXProject section */
		11A3B8FF2CCBCC030076C525 /* Project object */ = {
			isa = PBXProject;
			attributes = {
				BuildIndependentTargetsInParallel = 1;
				LastSwiftUpdateCheck = 1600;
				LastUpgradeCheck = 1600;
				TargetAttributes = {
					11A3B9062CCBCC030076C525 = {
						CreatedOnToolsVersion = 16.0;
					};
					11A3B91C2CCBCC050076C525 = {
						CreatedOnToolsVersion = 16.0;
						TestTargetID = 11A3B9062CCBCC030076C525;
					};
					11A3B9262CCBCC050076C525 = {
						CreatedOnToolsVersion = 16.0;
						TestTargetID = 11A3B9062CCBCC030076C525;
					};
				};
			};
			buildConfigurationList = 11A3B9022CCBCC030076C525 /* Build configuration list for PBXProject "TradeTracker" */;
			developmentRegion = en;
			hasScannedForEncodings = 0;
			knownRegions = (
				en,
				Base,
			);
			mainGroup = 11A3B8FE2CCBCC030076C525;
			minimizedProjectReferenceProxies = 1;
			preferredProjectObjectVersion = 77;
			productRefGroup = 11A3B9082CCBCC030076C525 /* Products */;
			projectDirPath = "";
			projectRoot = "";
			targets = (
				11A3B9062CCBCC030076C525 /* TradeTracker */,
				11A3B91C2CCBCC050076C525 /* TradeTrackerTests */,
				11A3B9262CCBCC050076C525 /* TradeTrackerUITests */,
			);
		};
/* End PBXProject section */

/* Begin PBXResourcesBuildPhase section */
		11A3B9052CCBCC030076C525 /* Resources */ = {
			isa = PBXResourcesBuildPhase;
			buildActionMask = 2147483647;
			files = (
				1113BE052CD4B6D7009C928E /* rates.plist in Resources */,
				1113BE062CD4B6D7009C928E /* transactions.plist in Resources */,
				1113BE072CD4B6D7009C928E /* Assets.xcassets in Resources */,
				1113BE082CD4B6D7009C928E /* LaunchScreen.storyboard in Resources */,
			);
			runOnlyForDeploymentPostprocessing = 0;
		};
		11A3B91B2CCBCC050076C525 /* Resources */ = {
			isa = PBXResourcesBuildPhase;
			buildActionMask = 2147483647;
			files = (
			);
			runOnlyForDeploymentPostprocessing = 0;
		};
		11A3B9252CCBCC050076C525 /* Resources */ = {
			isa = PBXResourcesBuildPhase;
			buildActionMask = 2147483647;
			files = (
			);
			runOnlyForDeploymentPostprocessing = 0;
		};
/* End PBXResourcesBuildPhase section */

/* Begin PBXSourcesBuildPhase section */
		11A3B9032CCBCC030076C525 /* Sources */ = {
			isa = PBXSourcesBuildPhase;
			buildActionMask = 2147483647;
			files = (
				1113BDF42CD4B6D7009C928E /* RateData.swift in Sources */,
				11894ED42CD6141F004E5110 /* RouterProducts.swift in Sources */,
				1113BDF52CD4B6D7009C928E /* TransactionData.swift in Sources */,
				1113BDF62CD4B6D7009C928E /* ProductViewModel.swift in Sources */,
				1113BDF72CD4B6D7009C928E /* ProductsPresenter.swift in Sources */,
				1113BDF82CD4B6D7009C928E /* ProductsTableViewCell.swift in Sources */,
				1113BE1C2CD5126A009C928E /* TransactionInfoBuilder.swift in Sources */,
				1113BDF92CD4B6D7009C928E /* ProductsTableViewController.swift in Sources */,
				1113BE122CD4CCBC009C928E /* TransactionsInfoModel.swift in Sources */,
				11AE6BE12CD7B0B3003C8BD9 /* DataServiceError.swift in Sources */,
				1113BDFA2CD4B6D7009C928E /* ProductsView.swift in Sources */,
				1113BDFB2CD4B6D7009C928E /* DataLoaderProtocol.swift in Sources */,
				1113BDFC2CD4B6D7009C928E /* TransactionDataManager.swift in Sources */,
				11B916DF2CDE3E3000B9D456 /* ConversionRequest.swift in Sources */,
				1113BDFD2CD4B6D7009C928E /* TransactionInfo.swift in Sources */,
				1113BDFE2CD4B6D7009C928E /* TransactionsInfoPresenter.swift in Sources */,
				11894ED62CD61443004E5110 /* RouterTransactionInfo.swift in Sources */,
				11B916E42CDE641400B9D456 /* Product.swift in Sources */,
				1113BE172CD4DEC2009C928E /* TransactionsInfoViewModel.swift in Sources */,
				1113BE142CD4D5A0009C928E /* Converter.swift in Sources */,
				1113BE102CD4CC99009C928E /* ProductsModel.swift in Sources */,
				1113BE0D2CD4B81A009C928E /* Transaction.swift in Sources */,
				1113BDFF2CD4B6D7009C928E /* TransactionsInfoTableViewCell.swift in Sources */,
				1113BE002CD4B6D7009C928E /* TransactionsInfoView.swift in Sources */,
				1113BE012CD4B6D7009C928E /* TransactionsInfoViewController.swift in Sources */,
				1113BE022CD4B6D7009C928E /* AppDelegate.swift in Sources */,
				11B916E22CDE617300B9D456 /* DataManagerWithRate.swift in Sources */,
				1113BE0B2CD4B800009C928E /* Rate.swift in Sources */,
				1113BE1A2CD51219009C928E /* ProductsBuilder.swift in Sources */,
				1113BE032CD4B6D7009C928E /* AlertBuilder.swift in Sources */,
			);
			runOnlyForDeploymentPostprocessing = 0;
		};
		11A3B9192CCBCC050076C525 /* Sources */ = {
			isa = PBXSourcesBuildPhase;
			buildActionMask = 2147483647;
			files = (
			);
			runOnlyForDeploymentPostprocessing = 0;
		};
		11A3B9232CCBCC050076C525 /* Sources */ = {
			isa = PBXSourcesBuildPhase;
			buildActionMask = 2147483647;
			files = (
			);
			runOnlyForDeploymentPostprocessing = 0;
		};
/* End PBXSourcesBuildPhase section */

/* Begin PBXTargetDependency section */
		11A3B91F2CCBCC050076C525 /* PBXTargetDependency */ = {
			isa = PBXTargetDependency;
			target = 11A3B9062CCBCC030076C525 /* TradeTracker */;
			targetProxy = 11A3B91E2CCBCC050076C525 /* PBXContainerItemProxy */;
		};
		11A3B9292CCBCC050076C525 /* PBXTargetDependency */ = {
			isa = PBXTargetDependency;
			target = 11A3B9062CCBCC030076C525 /* TradeTracker */;
			targetProxy = 11A3B9282CCBCC050076C525 /* PBXContainerItemProxy */;
		};
/* End PBXTargetDependency section */

/* Begin PBXVariantGroup section */
		1113BDE42CD4B6D7009C928E /* LaunchScreen.storyboard */ = {
			isa = PBXVariantGroup;
			children = (
				1113BDE32CD4B6D7009C928E /* Base */,
			);
			name = LaunchScreen.storyboard;
			sourceTree = "<group>";
		};
/* End PBXVariantGroup section */

/* Begin XCBuildConfiguration section */
		11A3B9312CCBCC050076C525 /* Debug */ = {
			isa = XCBuildConfiguration;
			buildSettings = {
				ASSETCATALOG_COMPILER_APPICON_NAME = AppIcon;
				ASSETCATALOG_COMPILER_GLOBAL_ACCENT_COLOR_NAME = AccentColor;
				CODE_SIGN_STYLE = Automatic;
				CURRENT_PROJECT_VERSION = 1;
				GENERATE_INFOPLIST_FILE = YES;
				INFOPLIST_FILE = TradeTracker/Info.plist;
				INFOPLIST_KEY_UIApplicationSupportsIndirectInputEvents = YES;
				INFOPLIST_KEY_UILaunchStoryboardName = LaunchScreen;
				INFOPLIST_KEY_UISupportedInterfaceOrientations_iPad = "UIInterfaceOrientationPortrait UIInterfaceOrientationPortraitUpsideDown UIInterfaceOrientationLandscapeLeft UIInterfaceOrientationLandscapeRight";
				INFOPLIST_KEY_UISupportedInterfaceOrientations_iPhone = "UIInterfaceOrientationPortrait UIInterfaceOrientationLandscapeLeft UIInterfaceOrientationLandscapeRight";
				IPHONEOS_DEPLOYMENT_TARGET = 15.6;
				LD_RUNPATH_SEARCH_PATHS = (
					"$(inherited)",
					"@executable_path/Frameworks",
				);
				MARKETING_VERSION = 1.0;
				PRODUCT_BUNDLE_IDENTIFIER = none.TradeTracker;
				PRODUCT_NAME = "$(TARGET_NAME)";
				SWIFT_EMIT_LOC_STRINGS = YES;
				SWIFT_VERSION = 5.0;
				TARGETED_DEVICE_FAMILY = "1,2";
			};
			name = Debug;
		};
		11A3B9322CCBCC050076C525 /* Release */ = {
			isa = XCBuildConfiguration;
			buildSettings = {
				ASSETCATALOG_COMPILER_APPICON_NAME = AppIcon;
				ASSETCATALOG_COMPILER_GLOBAL_ACCENT_COLOR_NAME = AccentColor;
				CODE_SIGN_STYLE = Automatic;
				CURRENT_PROJECT_VERSION = 1;
				GENERATE_INFOPLIST_FILE = YES;
				INFOPLIST_FILE = TradeTracker/Info.plist;
				INFOPLIST_KEY_UIApplicationSupportsIndirectInputEvents = YES;
				INFOPLIST_KEY_UILaunchStoryboardName = LaunchScreen;
				INFOPLIST_KEY_UISupportedInterfaceOrientations_iPad = "UIInterfaceOrientationPortrait UIInterfaceOrientationPortraitUpsideDown UIInterfaceOrientationLandscapeLeft UIInterfaceOrientationLandscapeRight";
				INFOPLIST_KEY_UISupportedInterfaceOrientations_iPhone = "UIInterfaceOrientationPortrait UIInterfaceOrientationLandscapeLeft UIInterfaceOrientationLandscapeRight";
				IPHONEOS_DEPLOYMENT_TARGET = 15.6;
				LD_RUNPATH_SEARCH_PATHS = (
					"$(inherited)",
					"@executable_path/Frameworks",
				);
				MARKETING_VERSION = 1.0;
				PRODUCT_BUNDLE_IDENTIFIER = none.TradeTracker;
				PRODUCT_NAME = "$(TARGET_NAME)";
				SWIFT_EMIT_LOC_STRINGS = YES;
				SWIFT_VERSION = 5.0;
				TARGETED_DEVICE_FAMILY = "1,2";
			};
			name = Release;
		};
		11A3B9332CCBCC050076C525 /* Debug */ = {
			isa = XCBuildConfiguration;
			buildSettings = {
				ALWAYS_SEARCH_USER_PATHS = NO;
				ASSETCATALOG_COMPILER_GENERATE_SWIFT_ASSET_SYMBOL_EXTENSIONS = YES;
				CLANG_ANALYZER_NONNULL = YES;
				CLANG_ANALYZER_NUMBER_OBJECT_CONVERSION = YES_AGGRESSIVE;
				CLANG_CXX_LANGUAGE_STANDARD = "gnu++20";
				CLANG_ENABLE_MODULES = YES;
				CLANG_ENABLE_OBJC_ARC = YES;
				CLANG_ENABLE_OBJC_WEAK = YES;
				CLANG_WARN_BLOCK_CAPTURE_AUTORELEASING = YES;
				CLANG_WARN_BOOL_CONVERSION = YES;
				CLANG_WARN_COMMA = YES;
				CLANG_WARN_CONSTANT_CONVERSION = YES;
				CLANG_WARN_DEPRECATED_OBJC_IMPLEMENTATIONS = YES;
				CLANG_WARN_DIRECT_OBJC_ISA_USAGE = YES_ERROR;
				CLANG_WARN_DOCUMENTATION_COMMENTS = YES;
				CLANG_WARN_EMPTY_BODY = YES;
				CLANG_WARN_ENUM_CONVERSION = YES;
				CLANG_WARN_INFINITE_RECURSION = YES;
				CLANG_WARN_INT_CONVERSION = YES;
				CLANG_WARN_NON_LITERAL_NULL_CONVERSION = YES;
				CLANG_WARN_OBJC_IMPLICIT_RETAIN_SELF = YES;
				CLANG_WARN_OBJC_LITERAL_CONVERSION = YES;
				CLANG_WARN_OBJC_ROOT_CLASS = YES_ERROR;
				CLANG_WARN_QUOTED_INCLUDE_IN_FRAMEWORK_HEADER = YES;
				CLANG_WARN_RANGE_LOOP_ANALYSIS = YES;
				CLANG_WARN_STRICT_PROTOTYPES = YES;
				CLANG_WARN_SUSPICIOUS_MOVE = YES;
				CLANG_WARN_UNGUARDED_AVAILABILITY = YES_AGGRESSIVE;
				CLANG_WARN_UNREACHABLE_CODE = YES;
				CLANG_WARN__DUPLICATE_METHOD_MATCH = YES;
				COPY_PHASE_STRIP = NO;
				DEBUG_INFORMATION_FORMAT = dwarf;
				ENABLE_STRICT_OBJC_MSGSEND = YES;
				ENABLE_TESTABILITY = YES;
				ENABLE_USER_SCRIPT_SANDBOXING = YES;
				GCC_C_LANGUAGE_STANDARD = gnu17;
				GCC_DYNAMIC_NO_PIC = NO;
				GCC_NO_COMMON_BLOCKS = YES;
				GCC_OPTIMIZATION_LEVEL = 0;
				GCC_PREPROCESSOR_DEFINITIONS = (
					"DEBUG=1",
					"$(inherited)",
				);
				GCC_WARN_64_TO_32_BIT_CONVERSION = YES;
				GCC_WARN_ABOUT_RETURN_TYPE = YES_ERROR;
				GCC_WARN_UNDECLARED_SELECTOR = YES;
				GCC_WARN_UNINITIALIZED_AUTOS = YES_AGGRESSIVE;
				GCC_WARN_UNUSED_FUNCTION = YES;
				GCC_WARN_UNUSED_VARIABLE = YES;
				IPHONEOS_DEPLOYMENT_TARGET = 15.6;
				LOCALIZATION_PREFERS_STRING_CATALOGS = YES;
				MTL_ENABLE_DEBUG_INFO = INCLUDE_SOURCE;
				MTL_FAST_MATH = YES;
				ONLY_ACTIVE_ARCH = YES;
				SDKROOT = iphoneos;
				SWIFT_ACTIVE_COMPILATION_CONDITIONS = "DEBUG $(inherited)";
				SWIFT_OPTIMIZATION_LEVEL = "-Onone";
			};
			name = Debug;
		};
		11A3B9342CCBCC050076C525 /* Release */ = {
			isa = XCBuildConfiguration;
			buildSettings = {
				ALWAYS_SEARCH_USER_PATHS = NO;
				ASSETCATALOG_COMPILER_GENERATE_SWIFT_ASSET_SYMBOL_EXTENSIONS = YES;
				CLANG_ANALYZER_NONNULL = YES;
				CLANG_ANALYZER_NUMBER_OBJECT_CONVERSION = YES_AGGRESSIVE;
				CLANG_CXX_LANGUAGE_STANDARD = "gnu++20";
				CLANG_ENABLE_MODULES = YES;
				CLANG_ENABLE_OBJC_ARC = YES;
				CLANG_ENABLE_OBJC_WEAK = YES;
				CLANG_WARN_BLOCK_CAPTURE_AUTORELEASING = YES;
				CLANG_WARN_BOOL_CONVERSION = YES;
				CLANG_WARN_COMMA = YES;
				CLANG_WARN_CONSTANT_CONVERSION = YES;
				CLANG_WARN_DEPRECATED_OBJC_IMPLEMENTATIONS = YES;
				CLANG_WARN_DIRECT_OBJC_ISA_USAGE = YES_ERROR;
				CLANG_WARN_DOCUMENTATION_COMMENTS = YES;
				CLANG_WARN_EMPTY_BODY = YES;
				CLANG_WARN_ENUM_CONVERSION = YES;
				CLANG_WARN_INFINITE_RECURSION = YES;
				CLANG_WARN_INT_CONVERSION = YES;
				CLANG_WARN_NON_LITERAL_NULL_CONVERSION = YES;
				CLANG_WARN_OBJC_IMPLICIT_RETAIN_SELF = YES;
				CLANG_WARN_OBJC_LITERAL_CONVERSION = YES;
				CLANG_WARN_OBJC_ROOT_CLASS = YES_ERROR;
				CLANG_WARN_QUOTED_INCLUDE_IN_FRAMEWORK_HEADER = YES;
				CLANG_WARN_RANGE_LOOP_ANALYSIS = YES;
				CLANG_WARN_STRICT_PROTOTYPES = YES;
				CLANG_WARN_SUSPICIOUS_MOVE = YES;
				CLANG_WARN_UNGUARDED_AVAILABILITY = YES_AGGRESSIVE;
				CLANG_WARN_UNREACHABLE_CODE = YES;
				CLANG_WARN__DUPLICATE_METHOD_MATCH = YES;
				COPY_PHASE_STRIP = NO;
				DEBUG_INFORMATION_FORMAT = "dwarf-with-dsym";
				ENABLE_NS_ASSERTIONS = NO;
				ENABLE_STRICT_OBJC_MSGSEND = YES;
				ENABLE_USER_SCRIPT_SANDBOXING = YES;
				GCC_C_LANGUAGE_STANDARD = gnu17;
				GCC_NO_COMMON_BLOCKS = YES;
				GCC_WARN_64_TO_32_BIT_CONVERSION = YES;
				GCC_WARN_ABOUT_RETURN_TYPE = YES_ERROR;
				GCC_WARN_UNDECLARED_SELECTOR = YES;
				GCC_WARN_UNINITIALIZED_AUTOS = YES_AGGRESSIVE;
				GCC_WARN_UNUSED_FUNCTION = YES;
				GCC_WARN_UNUSED_VARIABLE = YES;
				IPHONEOS_DEPLOYMENT_TARGET = 15.6;
				LOCALIZATION_PREFERS_STRING_CATALOGS = YES;
				MTL_ENABLE_DEBUG_INFO = NO;
				MTL_FAST_MATH = YES;
				SDKROOT = iphoneos;
				SWIFT_COMPILATION_MODE = wholemodule;
				VALIDATE_PRODUCT = YES;
			};
			name = Release;
		};
		11A3B9362CCBCC050076C525 /* Debug */ = {
			isa = XCBuildConfiguration;
			buildSettings = {
				BUNDLE_LOADER = "$(TEST_HOST)";
				CODE_SIGN_STYLE = Automatic;
				CURRENT_PROJECT_VERSION = 1;
				GENERATE_INFOPLIST_FILE = YES;
				IPHONEOS_DEPLOYMENT_TARGET = 15.6;
				MARKETING_VERSION = 1.0;
				PRODUCT_BUNDLE_IDENTIFIER = none.TradeTrackerTests;
				PRODUCT_NAME = "$(TARGET_NAME)";
				SWIFT_EMIT_LOC_STRINGS = NO;
				SWIFT_VERSION = 5.0;
				TARGETED_DEVICE_FAMILY = "1,2";
				TEST_HOST = "$(BUILT_PRODUCTS_DIR)/TradeTracker.app/$(BUNDLE_EXECUTABLE_FOLDER_PATH)/TradeTracker";
			};
			name = Debug;
		};
		11A3B9372CCBCC050076C525 /* Release */ = {
			isa = XCBuildConfiguration;
			buildSettings = {
				BUNDLE_LOADER = "$(TEST_HOST)";
				CODE_SIGN_STYLE = Automatic;
				CURRENT_PROJECT_VERSION = 1;
				GENERATE_INFOPLIST_FILE = YES;
				IPHONEOS_DEPLOYMENT_TARGET = 15.6;
				MARKETING_VERSION = 1.0;
				PRODUCT_BUNDLE_IDENTIFIER = none.TradeTrackerTests;
				PRODUCT_NAME = "$(TARGET_NAME)";
				SWIFT_EMIT_LOC_STRINGS = NO;
				SWIFT_VERSION = 5.0;
				TARGETED_DEVICE_FAMILY = "1,2";
				TEST_HOST = "$(BUILT_PRODUCTS_DIR)/TradeTracker.app/$(BUNDLE_EXECUTABLE_FOLDER_PATH)/TradeTracker";
			};
			name = Release;
		};
		11A3B9392CCBCC050076C525 /* Debug */ = {
			isa = XCBuildConfiguration;
			buildSettings = {
				CODE_SIGN_STYLE = Automatic;
				CURRENT_PROJECT_VERSION = 1;
				GENERATE_INFOPLIST_FILE = YES;
				MARKETING_VERSION = 1.0;
				PRODUCT_BUNDLE_IDENTIFIER = none.TradeTrackerUITests;
				PRODUCT_NAME = "$(TARGET_NAME)";
				SWIFT_EMIT_LOC_STRINGS = NO;
				SWIFT_VERSION = 5.0;
				TARGETED_DEVICE_FAMILY = "1,2";
				TEST_TARGET_NAME = TradeTracker;
			};
			name = Debug;
		};
		11A3B93A2CCBCC050076C525 /* Release */ = {
			isa = XCBuildConfiguration;
			buildSettings = {
				CODE_SIGN_STYLE = Automatic;
				CURRENT_PROJECT_VERSION = 1;
				GENERATE_INFOPLIST_FILE = YES;
				MARKETING_VERSION = 1.0;
				PRODUCT_BUNDLE_IDENTIFIER = none.TradeTrackerUITests;
				PRODUCT_NAME = "$(TARGET_NAME)";
				SWIFT_EMIT_LOC_STRINGS = NO;
				SWIFT_VERSION = 5.0;
				TARGETED_DEVICE_FAMILY = "1,2";
				TEST_TARGET_NAME = TradeTracker;
			};
			name = Release;
		};
/* End XCBuildConfiguration section */

/* Begin XCConfigurationList section */
		11A3B9022CCBCC030076C525 /* Build configuration list for PBXProject "TradeTracker" */ = {
			isa = XCConfigurationList;
			buildConfigurations = (
				11A3B9332CCBCC050076C525 /* Debug */,
				11A3B9342CCBCC050076C525 /* Release */,
			);
			defaultConfigurationIsVisible = 0;
			defaultConfigurationName = Release;
		};
		11A3B9302CCBCC050076C525 /* Build configuration list for PBXNativeTarget "TradeTracker" */ = {
			isa = XCConfigurationList;
			buildConfigurations = (
				11A3B9312CCBCC050076C525 /* Debug */,
				11A3B9322CCBCC050076C525 /* Release */,
			);
			defaultConfigurationIsVisible = 0;
			defaultConfigurationName = Release;
		};
		11A3B9352CCBCC050076C525 /* Build configuration list for PBXNativeTarget "TradeTrackerTests" */ = {
			isa = XCConfigurationList;
			buildConfigurations = (
				11A3B9362CCBCC050076C525 /* Debug */,
				11A3B9372CCBCC050076C525 /* Release */,
			);
			defaultConfigurationIsVisible = 0;
			defaultConfigurationName = Release;
		};
		11A3B9382CCBCC050076C525 /* Build configuration list for PBXNativeTarget "TradeTrackerUITests" */ = {
			isa = XCConfigurationList;
			buildConfigurations = (
				11A3B9392CCBCC050076C525 /* Debug */,
				11A3B93A2CCBCC050076C525 /* Release */,
			);
			defaultConfigurationIsVisible = 0;
			defaultConfigurationName = Release;
		};
/* End XCConfigurationList section */
	};
	rootObject = 11A3B8FF2CCBCC030076C525 /* Project object */;
}
